name: Update flake lock

on:
  repository_dispatch:
  workflow_dispatch:
  schedule:
    - cron: "0 0 * * *"

permissions:
  contents: write
  id-token: write
  pull-requests: write

jobs:
  update-flake-lock:
    name: Update flake lock
    runs-on: ubuntu-latest
    steps:
      - name: Checkout repository
        uses: actions/checkout@v4
      - name: Install nix and flakes
        uses: DeterminateSystems/nix-installer-action@v17
      - name: Update flake lock
        run: nix flake update
      - name: Create Pull Request
        uses: peter-evans/create-pull-request@v7
        id: create-pull-request
        with:
          token: ${{ secrets.ACTIONS_PR_TOKEN }}
          commit-message: "chore: update flake lock"
          title: "Automated update of flake lock"
          body: |
            This Pull Request updates flake lock.
          branch: update-flake-lock
          labels: |
            automated
            dependencies
            merge-queue
      - name: Enable auto-merge for Pull Request
        if: steps.create-pull-request.outputs.pull-request-operation == 'created'
        run: gh pr merge --squash --auto $PR_NUMBER
        env:
          PR_NUMBER: ${{ steps.create-pull-request.outputs.pull-request-number }}
          GH_TOKEN: ${{ secrets.ACTIONS_PR_TOKEN }}
